
Microsoft Visual Studio Solution File, Format Version 12.00
# Visual Studio Version 17
VisualStudioVersion = 17.5.002.0
MinimumVisualStudioVersion = 10.0.40219.1
Project("{9A19103F-16F7-4668-BE54-9A1E7A4F7556}") = "producer", "producer\producer.csproj", "{02EBECE3-0F11-47DC-947E-509C3CDFC56C}"
EndProject
Project("{9A19103F-16F7-4668-BE54-9A1E7A4F7556}") = "consumer", "consumer\consumer.csproj", "{D95E8EB3-6F63-4E06-AE75-920FFE877187}"
EndProject
Global
	GlobalSection(SolutionConfigurationPlatforms) = preSolution
		Debug|Any CPU = Debug|Any CPU
		Release|Any CPU = Release|Any CPU
	EndGlobalSection
	GlobalSection(ProjectConfigurationPlatforms) = postSolution
		{02EBECE3-0F11-47DC-947E-509C3CDFC56C}.Debug|Any CPU.ActiveCfg = Debug|Any CPU
		{02EBECE3-0F11-47DC-947E-509C3CDFC56C}.Debug|Any CPU.Build.0 = Debug|Any CPU
		{02EBECE3-0F11-47DC-947E-509C3CDFC56C}.Release|Any CPU.ActiveCfg = Release|Any CPU
		{02EBECE3-0F11-47DC-947E-509C3CDFC56C}.Release|Any CPU.Build.0 = Release|Any CPU
		{D95E8EB3-6F63-4E06-AE75-920FFE877187}.Debug|Any CPU.ActiveCfg = Debug|Any CPU
		{D95E8EB3-6F63-4E06-AE75-920FFE877187}.Debug|Any CPU.Build.0 = Debug|Any CPU
		{D95E8EB3-6F63-4E06-AE75-920FFE877187}.Release|Any CPU.ActiveCfg = Release|Any CPU
		{D95E8EB3-6F63-4E06-AE75-920FFE877187}.Release|Any CPU.Build.0 = Release|Any CPU
	EndGlobalSection
	GlobalSection(SolutionProperties) = preSolution
		HideSolutionNode = FALSE
	EndGlobalSection
	GlobalSection(ExtensibilityGlobals) = postSolution
		SolutionGuid = {5B194BA6-DFE4-47AF-BC7B-15F0511FE34E}
	EndGlobalSection
EndGlobal
